{
  "name": "evoecosystem",
  "version": "1.0.0",
  "lockfileVersion": 1,
  "requires": true,
  "dependencies": {
    "dibujo": {
      "version": "5.0.8",
      "resolved": "https://registry.npmjs.org/dibujo/-/dibujo-5.0.8.tgz",
      "integrity": "sha512-Tfa+NvKSE2+vp7GEgsYQs9WTlulAGLaxVwtKiLRAy9OOgocSnzgrzkl+1zTr3y+9WUtSJp2jQeG5RH8cSVEbdg=="
    }
  }
}
